PODS:
  - Alamofire (4.3.0)
  - PKHUD (4.2.0)
  - SnapKit (3.1.2)

DEPENDENCIES:
  - Alamofire
  - PKHUD
  - SnapKit

SPEC CHECKSUMS:
  Alamofire: 856a113053a7bc9cbe5d6367a555d773fc5cfef7
  PKHUD: 48af884cf00c2213b0313b739d914e6cab1c0f5e
  SnapKit: 12b24f569cb7c143acc9c22b9d91b23e7b1c84a2

PODFILE CHECKSUM: 963165623986bb84f559bcc032f9f82ab053755f

COCOAPODS: 1.1.1
