PODS:
  - Alamofire (4.3.0)
  - PKHUD (4.2.0)
  - SnapKit (3.1.2)
  - YCXMenu (0.0.11)

DEPENDENCIES:
  - Alamofire
  - PKHUD
  - SnapKit
  - YCXMenu

SPEC CHECKSUMS:
  Alamofire: 856a113053a7bc9cbe5d6367a555d773fc5cfef7
  PKHUD: 48af884cf00c2213b0313b739d914e6cab1c0f5e
  SnapKit: 12b24f569cb7c143acc9c22b9d91b23e7b1c84a2
  YCXMenu: 6003bcd20d8ac72e3eb3c442c97ed21948c6dc1f

PODFILE CHECKSUM: 87ef3acc33e4a562f4fc5a13c711cb8430150efd

COCOAPODS: 1.1.1
