// !$*UTF8*$!
{
	archiveVersion = 1;
	classes = {
	};
	objectVersion = 46;
	objects = {

/* Begin PBXBuildFile section */
		357F45191E4701E8008B60CF /* Account.swift in Sources */ = {isa = PBXBuildFile; fileRef = 357F45181E4701E8008B60CF /* Account.swift */; };
		357F451B1E470F1B008B60CF /* ContactDataSource.swift in Sources */ = {isa = PBXBuildFile; fileRef = 357F451A1E470F1B008B60CF /* ContactDataSource.swift */; };
		359B03151E45BF3F0014D237 /* HomepageCollectionViewCell.swift in Sources */ = {isa = PBXBuildFile; fileRef = 359B03141E45BF3F0014D237 /* HomepageCollectionViewCell.swift */; };
		359B03171E45C4840014D237 /* Quenda-Medium.otf in Resources */ = {isa = PBXBuildFile; fileRef = 359B03161E45C4840014D237 /* Quenda-Medium.otf */; };
		359B03191E45CA640014D237 /* HomepageCollectionViewController.swift in Sources */ = {isa = PBXBuildFile; fileRef = 359B03181E45CA640014D237 /* HomepageCollectionViewController.swift */; };
		359B031B1E45D94C0014D237 /* ColorandFontTable.swift in Sources */ = {isa = PBXBuildFile; fileRef = 359B031A1E45D94C0014D237 /* ColorandFontTable.swift */; };
		359B031D1E46FCD60014D237 /* ContactTableViewController.swift in Sources */ = {isa = PBXBuildFile; fileRef = 359B031C1E46FCD60014D237 /* ContactTableViewController.swift */; };
		359B031F1E46FCE90014D237 /* ContactTableViewCell.swift in Sources */ = {isa = PBXBuildFile; fileRef = 359B031E1E46FCE90014D237 /* ContactTableViewCell.swift */; };
		35E6E20D1E2C6CAA0093F791 /* AppDelegate.swift in Sources */ = {isa = PBXBuildFile; fileRef = 35E6E20C1E2C6CAA0093F791 /* AppDelegate.swift */; };
		35E6E2161E2C6CAA0093F791 /* Assets.xcassets in Resources */ = {isa = PBXBuildFile; fileRef = 35E6E2151E2C6CAA0093F791 /* Assets.xcassets */; };
		35E6E2191E2C6CAA0093F791 /* LaunchScreen.storyboard in Resources */ = {isa = PBXBuildFile; fileRef = 35E6E2171E2C6CAA0093F791 /* LaunchScreen.storyboard */; };
		35E6E2241E2C6CAA0093F791 /* PogetherTests.swift in Sources */ = {isa = PBXBuildFile; fileRef = 35E6E2231E2C6CAA0093F791 /* PogetherTests.swift */; };
		35E6E22F1E2C6CAB0093F791 /* PogetherUITests.swift in Sources */ = {isa = PBXBuildFile; fileRef = 35E6E22E1E2C6CAB0093F791 /* PogetherUITests.swift */; };
		35E6E23D1E2C76B50093F791 /* LoginViewController.swift in Sources */ = {isa = PBXBuildFile; fileRef = 35E6E23C1E2C76B50093F791 /* LoginViewController.swift */; };
		35E6E23F1E2DC9EC0093F791 /* AlbumTableViewController.swift in Sources */ = {isa = PBXBuildFile; fileRef = 35E6E23E1E2DC9EC0093F791 /* AlbumTableViewController.swift */; };
		35E6E2411E2DCA690093F791 /* AlbumTableViewCell.swift in Sources */ = {isa = PBXBuildFile; fileRef = 35E6E2401E2DCA690093F791 /* AlbumTableViewCell.swift */; };
		35E6E2431E2E53260093F791 /* ProfileViewController.swift in Sources */ = {isa = PBXBuildFile; fileRef = 35E6E2421E2E53260093F791 /* ProfileViewController.swift */; };
		35E6E2451E2E6AB10093F791 /* PhotoCollectionViewController.swift in Sources */ = {isa = PBXBuildFile; fileRef = 35E6E2441E2E6AB10093F791 /* PhotoCollectionViewController.swift */; };
		35E6E2471E2E6BC00093F791 /* PhotoCollectionViewCell.swift in Sources */ = {isa = PBXBuildFile; fileRef = 35E6E2461E2E6BC00093F791 /* PhotoCollectionViewCell.swift */; };
		35E6E2491E2F451B0093F791 /* RegisterViewController.swift in Sources */ = {isa = PBXBuildFile; fileRef = 35E6E2481E2F451B0093F791 /* RegisterViewController.swift */; };
		5D51FC7257F67778C048312C /* Pods_Pogether.framework in Frameworks */ = {isa = PBXBuildFile; fileRef = DDC304A7F301CDF4FA824D7A /* Pods_Pogether.framework */; };
		65267959BE5D0A770A9C80EA /* Pods_PogetherTests.framework in Frameworks */ = {isa = PBXBuildFile; fileRef = 78ACE63B16D276550CF4F2E9 /* Pods_PogetherTests.framework */; };
		AC66FF04222EB85EBE37D037 /* Pods_PogetherUITests.framework in Frameworks */ = {isa = PBXBuildFile; fileRef = 24531C7D5572CF384D14D461 /* Pods_PogetherUITests.framework */; };
/* End PBXBuildFile section */

/* Begin PBXContainerItemProxy section */
		35E6E2201E2C6CAA0093F791 /* PBXContainerItemProxy */ = {
			isa = PBXContainerItemProxy;
			containerPortal = 35E6E2011E2C6CAA0093F791 /* Project object */;
			proxyType = 1;
			remoteGlobalIDString = 35E6E2081E2C6CAA0093F791;
			remoteInfo = Pogether;
		};
		35E6E22B1E2C6CAB0093F791 /* PBXContainerItemProxy */ = {
			isa = PBXContainerItemProxy;
			containerPortal = 35E6E2011E2C6CAA0093F791 /* Project object */;
			proxyType = 1;
			remoteGlobalIDString = 35E6E2081E2C6CAA0093F791;
			remoteInfo = Pogether;
		};
/* End PBXContainerItemProxy section */

/* Begin PBXFileReference section */
		17E7E5D61EC1BD9099A72FAF /* Pods-PogetherTests.release.xcconfig */ = {isa = PBXFileReference; includeInIndex = 1; lastKnownFileType = text.xcconfig; name = "Pods-PogetherTests.release.xcconfig"; path = "Pods/Target Support Files/Pods-PogetherTests/Pods-PogetherTests.release.xcconfig"; sourceTree = "<group>"; };
		24531C7D5572CF384D14D461 /* Pods_PogetherUITests.framework */ = {isa = PBXFileReference; explicitFileType = wrapper.framework; includeInIndex = 0; path = Pods_PogetherUITests.framework; sourceTree = BUILT_PRODUCTS_DIR; };
		357F45181E4701E8008B60CF /* Account.swift */ = {isa = PBXFileReference; fileEncoding = 4; lastKnownFileType = sourcecode.swift; path = Account.swift; sourceTree = "<group>"; };
		357F451A1E470F1B008B60CF /* ContactDataSource.swift */ = {isa = PBXFileReference; fileEncoding = 4; lastKnownFileType = sourcecode.swift; path = ContactDataSource.swift; sourceTree = "<group>"; };
		359B03141E45BF3F0014D237 /* HomepageCollectionViewCell.swift */ = {isa = PBXFileReference; fileEncoding = 4; lastKnownFileType = sourcecode.swift; path = HomepageCollectionViewCell.swift; sourceTree = "<group>"; };
		359B03161E45C4840014D237 /* Quenda-Medium.otf */ = {isa = PBXFileReference; lastKnownFileType = file; path = "Quenda-Medium.otf"; sourceTree = "<group>"; };
		359B03181E45CA640014D237 /* HomepageCollectionViewController.swift */ = {isa = PBXFileReference; fileEncoding = 4; lastKnownFileType = sourcecode.swift; path = HomepageCollectionViewController.swift; sourceTree = "<group>"; };
		359B031A1E45D94C0014D237 /* ColorandFontTable.swift */ = {isa = PBXFileReference; fileEncoding = 4; lastKnownFileType = sourcecode.swift; path = ColorandFontTable.swift; sourceTree = "<group>"; };
		359B031C1E46FCD60014D237 /* ContactTableViewController.swift */ = {isa = PBXFileReference; fileEncoding = 4; lastKnownFileType = sourcecode.swift; path = ContactTableViewController.swift; sourceTree = "<group>"; };
		359B031E1E46FCE90014D237 /* ContactTableViewCell.swift */ = {isa = PBXFileReference; fileEncoding = 4; lastKnownFileType = sourcecode.swift; path = ContactTableViewCell.swift; sourceTree = "<group>"; };
		35E6E2091E2C6CAA0093F791 /* Pogether.app */ = {isa = PBXFileReference; explicitFileType = wrapper.application; includeInIndex = 0; path = Pogether.app; sourceTree = BUILT_PRODUCTS_DIR; };
		35E6E20C1E2C6CAA0093F791 /* AppDelegate.swift */ = {isa = PBXFileReference; lastKnownFileType = sourcecode.swift; path = AppDelegate.swift; sourceTree = "<group>"; };
		35E6E2151E2C6CAA0093F791 /* Assets.xcassets */ = {isa = PBXFileReference; lastKnownFileType = folder.assetcatalog; path = Assets.xcassets; sourceTree = "<group>"; };
		35E6E2181E2C6CAA0093F791 /* Base */ = {isa = PBXFileReference; lastKnownFileType = file.storyboard; name = Base; path = Base.lproj/LaunchScreen.storyboard; sourceTree = "<group>"; };
		35E6E21A1E2C6CAA0093F791 /* Info.plist */ = {isa = PBXFileReference; lastKnownFileType = text.plist.xml; path = Info.plist; sourceTree = "<group>"; };
		35E6E21F1E2C6CAA0093F791 /* PogetherTests.xctest */ = {isa = PBXFileReference; explicitFileType = wrapper.cfbundle; includeInIndex = 0; path = PogetherTests.xctest; sourceTree = BUILT_PRODUCTS_DIR; };
		35E6E2231E2C6CAA0093F791 /* PogetherTests.swift */ = {isa = PBXFileReference; lastKnownFileType = sourcecode.swift; path = PogetherTests.swift; sourceTree = "<group>"; };
		35E6E2251E2C6CAA0093F791 /* Info.plist */ = {isa = PBXFileReference; lastKnownFileType = text.plist.xml; path = Info.plist; sourceTree = "<group>"; };
		35E6E22A1E2C6CAB0093F791 /* PogetherUITests.xctest */ = {isa = PBXFileReference; explicitFileType = wrapper.cfbundle; includeInIndex = 0; path = PogetherUITests.xctest; sourceTree = BUILT_PRODUCTS_DIR; };
		35E6E22E1E2C6CAB0093F791 /* PogetherUITests.swift */ = {isa = PBXFileReference; lastKnownFileType = sourcecode.swift; path = PogetherUITests.swift; sourceTree = "<group>"; };
		35E6E2301E2C6CAB0093F791 /* Info.plist */ = {isa = PBXFileReference; lastKnownFileType = text.plist.xml; path = Info.plist; sourceTree = "<group>"; };
		35E6E23C1E2C76B50093F791 /* LoginViewController.swift */ = {isa = PBXFileReference; fileEncoding = 4; lastKnownFileType = sourcecode.swift; path = LoginViewController.swift; sourceTree = "<group>"; };
		35E6E23E1E2DC9EC0093F791 /* AlbumTableViewController.swift */ = {isa = PBXFileReference; fileEncoding = 4; lastKnownFileType = sourcecode.swift; path = AlbumTableViewController.swift; sourceTree = "<group>"; };
		35E6E2401E2DCA690093F791 /* AlbumTableViewCell.swift */ = {isa = PBXFileReference; fileEncoding = 4; lastKnownFileType = sourcecode.swift; path = AlbumTableViewCell.swift; sourceTree = "<group>"; };
		35E6E2421E2E53260093F791 /* ProfileViewController.swift */ = {isa = PBXFileReference; fileEncoding = 4; lastKnownFileType = sourcecode.swift; path = ProfileViewController.swift; sourceTree = "<group>"; };
		35E6E2441E2E6AB10093F791 /* PhotoCollectionViewController.swift */ = {isa = PBXFileReference; fileEncoding = 4; lastKnownFileType = sourcecode.swift; path = PhotoCollectionViewController.swift; sourceTree = "<group>"; };
		35E6E2461E2E6BC00093F791 /* PhotoCollectionViewCell.swift */ = {isa = PBXFileReference; fileEncoding = 4; lastKnownFileType = sourcecode.swift; path = PhotoCollectionViewCell.swift; sourceTree = "<group>"; };
		35E6E2481E2F451B0093F791 /* RegisterViewController.swift */ = {isa = PBXFileReference; fileEncoding = 4; lastKnownFileType = sourcecode.swift; path = RegisterViewController.swift; sourceTree = "<group>"; };
		504614C52C3F4F858441BE5E /* Pods-Pogether.debug.xcconfig */ = {isa = PBXFileReference; includeInIndex = 1; lastKnownFileType = text.xcconfig; name = "Pods-Pogether.debug.xcconfig"; path = "Pods/Target Support Files/Pods-Pogether/Pods-Pogether.debug.xcconfig"; sourceTree = "<group>"; };
		78ACE63B16D276550CF4F2E9 /* Pods_PogetherTests.framework */ = {isa = PBXFileReference; explicitFileType = wrapper.framework; includeInIndex = 0; path = Pods_PogetherTests.framework; sourceTree = BUILT_PRODUCTS_DIR; };
		B9E5E005323851980A98A118 /* Pods-PogetherUITests.debug.xcconfig */ = {isa = PBXFileReference; includeInIndex = 1; lastKnownFileType = text.xcconfig; name = "Pods-PogetherUITests.debug.xcconfig"; path = "Pods/Target Support Files/Pods-PogetherUITests/Pods-PogetherUITests.debug.xcconfig"; sourceTree = "<group>"; };
		DA913891DA1A4A5942F6D237 /* Pods-Pogether.release.xcconfig */ = {isa = PBXFileReference; includeInIndex = 1; lastKnownFileType = text.xcconfig; name = "Pods-Pogether.release.xcconfig"; path = "Pods/Target Support Files/Pods-Pogether/Pods-Pogether.release.xcconfig"; sourceTree = "<group>"; };
		DDC304A7F301CDF4FA824D7A /* Pods_Pogether.framework */ = {isa = PBXFileReference; explicitFileType = wrapper.framework; includeInIndex = 0; path = Pods_Pogether.framework; sourceTree = BUILT_PRODUCTS_DIR; };
		DF3A7223FC851CED29B96711 /* Pods-PogetherTests.debug.xcconfig */ = {isa = PBXFileReference; includeInIndex = 1; lastKnownFileType = text.xcconfig; name = "Pods-PogetherTests.debug.xcconfig"; path = "Pods/Target Support Files/Pods-PogetherTests/Pods-PogetherTests.debug.xcconfig"; sourceTree = "<group>"; };
		EDCE16A5914BC2BC79EEF091 /* Pods-PogetherUITests.release.xcconfig */ = {isa = PBXFileReference; includeInIndex = 1; lastKnownFileType = text.xcconfig; name = "Pods-PogetherUITests.release.xcconfig"; path = "Pods/Target Support Files/Pods-PogetherUITests/Pods-PogetherUITests.release.xcconfig"; sourceTree = "<group>"; };
/* End PBXFileReference section */

/* Begin PBXFrameworksBuildPhase section */
		35E6E2061E2C6CAA0093F791 /* Frameworks */ = {
			isa = PBXFrameworksBuildPhase;
			buildActionMask = 2147483647;
			files = (
				5D51FC7257F67778C048312C /* Pods_Pogether.framework in Frameworks */,
			);
			runOnlyForDeploymentPostprocessing = 0;
		};
		35E6E21C1E2C6CAA0093F791 /* Frameworks */ = {
			isa = PBXFrameworksBuildPhase;
			buildActionMask = 2147483647;
			files = (
				65267959BE5D0A770A9C80EA /* Pods_PogetherTests.framework in Frameworks */,
			);
			runOnlyForDeploymentPostprocessing = 0;
		};
		35E6E2271E2C6CAB0093F791 /* Frameworks */ = {
			isa = PBXFrameworksBuildPhase;
			buildActionMask = 2147483647;
			files = (
				AC66FF04222EB85EBE37D037 /* Pods_PogetherUITests.framework in Frameworks */,
			);
			runOnlyForDeploymentPostprocessing = 0;
		};
/* End PBXFrameworksBuildPhase section */

/* Begin PBXGroup section */
		0FE48A4AE64295C247D3C3E3 /* Frameworks */ = {
			isa = PBXGroup;
			children = (
				DDC304A7F301CDF4FA824D7A /* Pods_Pogether.framework */,
				78ACE63B16D276550CF4F2E9 /* Pods_PogetherTests.framework */,
				24531C7D5572CF384D14D461 /* Pods_PogetherUITests.framework */,
			);
			name = Frameworks;
			sourceTree = "<group>";
		};
		35E6E2001E2C6CAA0093F791 = {
			isa = PBXGroup;
			children = (
				359B03161E45C4840014D237 /* Quenda-Medium.otf */,
				0FE48A4AE64295C247D3C3E3 /* Frameworks */,
				3A12A1C40C24E1AFF4B08E6E /* Pods */,
				35E6E20B1E2C6CAA0093F791 /* Pogether */,
				35E6E2221E2C6CAA0093F791 /* PogetherTests */,
				35E6E22D1E2C6CAB0093F791 /* PogetherUITests */,
				35E6E20A1E2C6CAA0093F791 /* Products */,
			);
			sourceTree = "<group>";
		};
		35E6E20A1E2C6CAA0093F791 /* Products */ = {
			isa = PBXGroup;
			children = (
				35E6E2091E2C6CAA0093F791 /* Pogether.app */,
				35E6E21F1E2C6CAA0093F791 /* PogetherTests.xctest */,
				35E6E22A1E2C6CAB0093F791 /* PogetherUITests.xctest */,
			);
			name = Products;
			sourceTree = "<group>";
		};
		35E6E20B1E2C6CAA0093F791 /* Pogether */ = {
			isa = PBXGroup;
			children = (
				35E6E2401E2DCA690093F791 /* AlbumTableViewCell.swift */,
				35E6E23E1E2DC9EC0093F791 /* AlbumTableViewController.swift */,
				35E6E20C1E2C6CAA0093F791 /* AppDelegate.swift */,
				35E6E2151E2C6CAA0093F791 /* Assets.xcassets */,
				359B03181E45CA640014D237 /* HomepageCollectionViewController.swift */,
				359B03141E45BF3F0014D237 /* HomepageCollectionViewCell.swift */,
				35E6E21A1E2C6CAA0093F791 /* Info.plist */,
				35E6E2171E2C6CAA0093F791 /* LaunchScreen.storyboard */,
				35E6E23C1E2C76B50093F791 /* LoginViewController.swift */,
				35E6E2461E2E6BC00093F791 /* PhotoCollectionViewCell.swift */,
				35E6E2441E2E6AB10093F791 /* PhotoCollectionViewController.swift */,
				35E6E2421E2E53260093F791 /* ProfileViewController.swift */,
				35E6E2481E2F451B0093F791 /* RegisterViewController.swift */,
				359B031A1E45D94C0014D237 /* ColorandFontTable.swift */,
				359B031C1E46FCD60014D237 /* ContactTableViewController.swift */,
				359B031E1E46FCE90014D237 /* ContactTableViewCell.swift */,
				357F45181E4701E8008B60CF /* Account.swift */,
				357F451A1E470F1B008B60CF /* ContactDataSource.swift */,
			);
			path = Pogether;
			sourceTree = "<group>";
		};
		35E6E2221E2C6CAA0093F791 /* PogetherTests */ = {
			isa = PBXGroup;
			children = (
				35E6E2231E2C6CAA0093F791 /* PogetherTests.swift */,
				35E6E2251E2C6CAA0093F791 /* Info.plist */,
			);
			path = PogetherTests;
			sourceTree = "<group>";
		};
		35E6E22D1E2C6CAB0093F791 /* PogetherUITests */ = {
			isa = PBXGroup;
			children = (
				35E6E22E1E2C6CAB0093F791 /* PogetherUITests.swift */,
				35E6E2301E2C6CAB0093F791 /* Info.plist */,
			);
			path = PogetherUITests;
			sourceTree = "<group>";
		};
		3A12A1C40C24E1AFF4B08E6E /* Pods */ = {
			isa = PBXGroup;
			children = (
				504614C52C3F4F858441BE5E /* Pods-Pogether.debug.xcconfig */,
				DA913891DA1A4A5942F6D237 /* Pods-Pogether.release.xcconfig */,
				DF3A7223FC851CED29B96711 /* Pods-PogetherTests.debug.xcconfig */,
				17E7E5D61EC1BD9099A72FAF /* Pods-PogetherTests.release.xcconfig */,
				B9E5E005323851980A98A118 /* Pods-PogetherUITests.debug.xcconfig */,
				EDCE16A5914BC2BC79EEF091 /* Pods-PogetherUITests.release.xcconfig */,
			);
			name = Pods;
			sourceTree = "<group>";
		};
/* End PBXGroup section */

/* Begin PBXNativeTarget section */
		35E6E2081E2C6CAA0093F791 /* Pogether */ = {
			isa = PBXNativeTarget;
			buildConfigurationList = 35E6E2331E2C6CAB0093F791 /* Build configuration list for PBXNativeTarget "Pogether" */;
			buildPhases = (
				BEC128248AB2CAF66F6CCE9E /* [CP] Check Pods Manifest.lock */,
				35E6E2051E2C6CAA0093F791 /* Sources */,
				35E6E2061E2C6CAA0093F791 /* Frameworks */,
				35E6E2071E2C6CAA0093F791 /* Resources */,
				74E29D69E92855C94724C1B5 /* [CP] Embed Pods Frameworks */,
				575BB461EC15073E3977B85D /* [CP] Copy Pods Resources */,
			);
			buildRules = (
			);
			dependencies = (
			);
			name = Pogether;
			productName = Pogether;
			productReference = 35E6E2091E2C6CAA0093F791 /* Pogether.app */;
			productType = "com.apple.product-type.application";
		};
		35E6E21E1E2C6CAA0093F791 /* PogetherTests */ = {
			isa = PBXNativeTarget;
			buildConfigurationList = 35E6E2361E2C6CAB0093F791 /* Build configuration list for PBXNativeTarget "PogetherTests" */;
			buildPhases = (
				B6CDC7B75FBB562181E84C1C /* [CP] Check Pods Manifest.lock */,
				35E6E21B1E2C6CAA0093F791 /* Sources */,
				35E6E21C1E2C6CAA0093F791 /* Frameworks */,
				35E6E21D1E2C6CAA0093F791 /* Resources */,
				FECEAB048DB561952AC94813 /* [CP] Embed Pods Frameworks */,
				50FD0F8478EEDA70D2E14FB7 /* [CP] Copy Pods Resources */,
			);
			buildRules = (
			);
			dependencies = (
				35E6E2211E2C6CAA0093F791 /* PBXTargetDependency */,
			);
			name = PogetherTests;
			productName = PogetherTests;
			productReference = 35E6E21F1E2C6CAA0093F791 /* PogetherTests.xctest */;
			productType = "com.apple.product-type.bundle.unit-test";
		};
		35E6E2291E2C6CAB0093F791 /* PogetherUITests */ = {
			isa = PBXNativeTarget;
			buildConfigurationList = 35E6E2391E2C6CAB0093F791 /* Build configuration list for PBXNativeTarget "PogetherUITests" */;
			buildPhases = (
				BEB79ACCC1F902DAD002BF10 /* [CP] Check Pods Manifest.lock */,
				35E6E2261E2C6CAB0093F791 /* Sources */,
				35E6E2271E2C6CAB0093F791 /* Frameworks */,
				35E6E2281E2C6CAB0093F791 /* Resources */,
				C660177206B9A4E7B62FC45E /* [CP] Embed Pods Frameworks */,
				E854F23D8CA04410F6856D78 /* [CP] Copy Pods Resources */,
			);
			buildRules = (
			);
			dependencies = (
				35E6E22C1E2C6CAB0093F791 /* PBXTargetDependency */,
			);
			name = PogetherUITests;
			productName = PogetherUITests;
			productReference = 35E6E22A1E2C6CAB0093F791 /* PogetherUITests.xctest */;
			productType = "com.apple.product-type.bundle.ui-testing";
		};
/* End PBXNativeTarget section */

/* Begin PBXProject section */
		35E6E2011E2C6CAA0093F791 /* Project object */ = {
			isa = PBXProject;
			attributes = {
				LastSwiftUpdateCheck = 0820;
				LastUpgradeCheck = 0820;
				ORGANIZATIONNAME = KiraMelody;
				TargetAttributes = {
					35E6E2081E2C6CAA0093F791 = {
						CreatedOnToolsVersion = 8.2.1;
						DevelopmentTeam = 64VC6J8U2G;
						ProvisioningStyle = Automatic;
					};
					35E6E21E1E2C6CAA0093F791 = {
						CreatedOnToolsVersion = 8.2.1;
						DevelopmentTeam = 64VC6J8U2G;
						ProvisioningStyle = Automatic;
						TestTargetID = 35E6E2081E2C6CAA0093F791;
					};
					35E6E2291E2C6CAB0093F791 = {
						CreatedOnToolsVersion = 8.2.1;
						DevelopmentTeam = 64VC6J8U2G;
						ProvisioningStyle = Automatic;
						TestTargetID = 35E6E2081E2C6CAA0093F791;
					};
				};
			};
			buildConfigurationList = 35E6E2041E2C6CAA0093F791 /* Build configuration list for PBXProject "Pogether" */;
			compatibilityVersion = "Xcode 3.2";
			developmentRegion = English;
			hasScannedForEncodings = 0;
			knownRegions = (
				en,
				Base,
			);
			mainGroup = 35E6E2001E2C6CAA0093F791;
			productRefGroup = 35E6E20A1E2C6CAA0093F791 /* Products */;
			projectDirPath = "";
			projectRoot = "";
			targets = (
				35E6E2081E2C6CAA0093F791 /* Pogether */,
				35E6E21E1E2C6CAA0093F791 /* PogetherTests */,
				35E6E2291E2C6CAB0093F791 /* PogetherUITests */,
			);
		};
/* End PBXProject section */

/* Begin PBXResourcesBuildPhase section */
		35E6E2071E2C6CAA0093F791 /* Resources */ = {
			isa = PBXResourcesBuildPhase;
			buildActionMask = 2147483647;
			files = (
				359B03171E45C4840014D237 /* Quenda-Medium.otf in Resources */,
				35E6E2191E2C6CAA0093F791 /* LaunchScreen.storyboard in Resources */,
				35E6E2161E2C6CAA0093F791 /* Assets.xcassets in Resources */,
			);
			runOnlyForDeploymentPostprocessing = 0;
		};
		35E6E21D1E2C6CAA0093F791 /* Resources */ = {
			isa = PBXResourcesBuildPhase;
			buildActionMask = 2147483647;
			files = (
			);
			runOnlyForDeploymentPostprocessing = 0;
		};
		35E6E2281E2C6CAB0093F791 /* Resources */ = {
			isa = PBXResourcesBuildPhase;
			buildActionMask = 2147483647;
			files = (
			);
			runOnlyForDeploymentPostprocessing = 0;
		};
/* End PBXResourcesBuildPhase section */

/* Begin PBXShellScriptBuildPhase section */
		50FD0F8478EEDA70D2E14FB7 /* [CP] Copy Pods Resources */ = {
			isa = PBXShellScriptBuildPhase;
			buildActionMask = 2147483647;
			files = (
			);
			inputPaths = (
			);
			name = "[CP] Copy Pods Resources";
			outputPaths = (
			);
			runOnlyForDeploymentPostprocessing = 0;
			shellPath = /bin/sh;
			shellScript = "\"${SRCROOT}/Pods/Target Support Files/Pods-PogetherTests/Pods-PogetherTests-resources.sh\"\n";
			showEnvVarsInLog = 0;
		};
		575BB461EC15073E3977B85D /* [CP] Copy Pods Resources */ = {
			isa = PBXShellScriptBuildPhase;
			buildActionMask = 2147483647;
			files = (
			);
			inputPaths = (
			);
			name = "[CP] Copy Pods Resources";
			outputPaths = (
			);
			runOnlyForDeploymentPostprocessing = 0;
			shellPath = /bin/sh;
			shellScript = "\"${SRCROOT}/Pods/Target Support Files/Pods-Pogether/Pods-Pogether-resources.sh\"\n";
			showEnvVarsInLog = 0;
		};
		74E29D69E92855C94724C1B5 /* [CP] Embed Pods Frameworks */ = {
			isa = PBXShellScriptBuildPhase;
			buildActionMask = 2147483647;
			files = (
			);
			inputPaths = (
			);
			name = "[CP] Embed Pods Frameworks";
			outputPaths = (
			);
			runOnlyForDeploymentPostprocessing = 0;
			shellPath = /bin/sh;
			shellScript = "\"${SRCROOT}/Pods/Target Support Files/Pods-Pogether/Pods-Pogether-frameworks.sh\"\n";
			showEnvVarsInLog = 0;
		};
		B6CDC7B75FBB562181E84C1C /* [CP] Check Pods Manifest.lock */ = {
			isa = PBXShellScriptBuildPhase;
			buildActionMask = 2147483647;
			files = (
			);
			inputPaths = (
			);
			name = "[CP] Check Pods Manifest.lock";
			outputPaths = (
			);
			runOnlyForDeploymentPostprocessing = 0;
			shellPath = /bin/sh;
			shellScript = "diff \"${PODS_ROOT}/../Podfile.lock\" \"${PODS_ROOT}/Manifest.lock\" > /dev/null\nif [ $? != 0 ] ; then\n    # print error to STDERR\n    echo \"error: The sandbox is not in sync with the Podfile.lock. Run 'pod install' or update your CocoaPods installation.\" >&2\n    exit 1\nfi\n";
			showEnvVarsInLog = 0;
		};
		BEB79ACCC1F902DAD002BF10 /* [CP] Check Pods Manifest.lock */ = {
			isa = PBXShellScriptBuildPhase;
			buildActionMask = 2147483647;
			files = (
			);
			inputPaths = (
			);
			name = "[CP] Check Pods Manifest.lock";
			outputPaths = (
			);
			runOnlyForDeploymentPostprocessing = 0;
			shellPath = /bin/sh;
			shellScript = "diff \"${PODS_ROOT}/../Podfile.lock\" \"${PODS_ROOT}/Manifest.lock\" > /dev/null\nif [ $? != 0 ] ; then\n    # print error to STDERR\n    echo \"error: The sandbox is not in sync with the Podfile.lock. Run 'pod install' or update your CocoaPods installation.\" >&2\n    exit 1\nfi\n";
			showEnvVarsInLog = 0;
		};
		BEC128248AB2CAF66F6CCE9E /* [CP] Check Pods Manifest.lock */ = {
			isa = PBXShellScriptBuildPhase;
			buildActionMask = 2147483647;
			files = (
			);
			inputPaths = (
			);
			name = "[CP] Check Pods Manifest.lock";
			outputPaths = (
			);
			runOnlyForDeploymentPostprocessing = 0;
			shellPath = /bin/sh;
			shellScript = "diff \"${PODS_ROOT}/../Podfile.lock\" \"${PODS_ROOT}/Manifest.lock\" > /dev/null\nif [ $? != 0 ] ; then\n    # print error to STDERR\n    echo \"error: The sandbox is not in sync with the Podfile.lock. Run 'pod install' or update your CocoaPods installation.\" >&2\n    exit 1\nfi\n";
			showEnvVarsInLog = 0;
		};
		C660177206B9A4E7B62FC45E /* [CP] Embed Pods Frameworks */ = {
			isa = PBXShellScriptBuildPhase;
			buildActionMask = 2147483647;
			files = (
			);
			inputPaths = (
			);
			name = "[CP] Embed Pods Frameworks";
			outputPaths = (
			);
			runOnlyForDeploymentPostprocessing = 0;
			shellPath = /bin/sh;
			shellScript = "\"${SRCROOT}/Pods/Target Support Files/Pods-PogetherUITests/Pods-PogetherUITests-frameworks.sh\"\n";
			showEnvVarsInLog = 0;
		};
		E854F23D8CA04410F6856D78 /* [CP] Copy Pods Resources */ = {
			isa = PBXShellScriptBuildPhase;
			buildActionMask = 2147483647;
			files = (
			);
			inputPaths = (
			);
			name = "[CP] Copy Pods Resources";
			outputPaths = (
			);
			runOnlyForDeploymentPostprocessing = 0;
			shellPath = /bin/sh;
			shellScript = "\"${SRCROOT}/Pods/Target Support Files/Pods-PogetherUITests/Pods-PogetherUITests-resources.sh\"\n";
			showEnvVarsInLog = 0;
		};
		FECEAB048DB561952AC94813 /* [CP] Embed Pods Frameworks */ = {
			isa = PBXShellScriptBuildPhase;
			buildActionMask = 2147483647;
			files = (
			);
			inputPaths = (
			);
			name = "[CP] Embed Pods Frameworks";
			outputPaths = (
			);
			runOnlyForDeploymentPostprocessing = 0;
			shellPath = /bin/sh;
			shellScript = "\"${SRCROOT}/Pods/Target Support Files/Pods-PogetherTests/Pods-PogetherTests-frameworks.sh\"\n";
			showEnvVarsInLog = 0;
		};
/* End PBXShellScriptBuildPhase section */

/* Begin PBXSourcesBuildPhase section */
		35E6E2051E2C6CAA0093F791 /* Sources */ = {
			isa = PBXSourcesBuildPhase;
			buildActionMask = 2147483647;
			files = (
				359B031F1E46FCE90014D237 /* ContactTableViewCell.swift in Sources */,
				35E6E23D1E2C76B50093F791 /* LoginViewController.swift in Sources */,
				35E6E2451E2E6AB10093F791 /* PhotoCollectionViewController.swift in Sources */,
				35E6E23F1E2DC9EC0093F791 /* AlbumTableViewController.swift in Sources */,
				35E6E2491E2F451B0093F791 /* RegisterViewController.swift in Sources */,
				359B03191E45CA640014D237 /* HomepageCollectionViewController.swift in Sources */,
				35E6E2431E2E53260093F791 /* ProfileViewController.swift in Sources */,
				359B03151E45BF3F0014D237 /* HomepageCollectionViewCell.swift in Sources */,
				35E6E2471E2E6BC00093F791 /* PhotoCollectionViewCell.swift in Sources */,
				359B031D1E46FCD60014D237 /* ContactTableViewController.swift in Sources */,
				359B031B1E45D94C0014D237 /* ColorandFontTable.swift in Sources */,
				35E6E20D1E2C6CAA0093F791 /* AppDelegate.swift in Sources */,
				35E6E2411E2DCA690093F791 /* AlbumTableViewCell.swift in Sources */,
				357F45191E4701E8008B60CF /* Account.swift in Sources */,
				357F451B1E470F1B008B60CF /* ContactDataSource.swift in Sources */,
			);
			runOnlyForDeploymentPostprocessing = 0;
		};
		35E6E21B1E2C6CAA0093F791 /* Sources */ = {
			isa = PBXSourcesBuildPhase;
			buildActionMask = 2147483647;
			files = (
				35E6E2241E2C6CAA0093F791 /* PogetherTests.swift in Sources */,
			);
			runOnlyForDeploymentPostprocessing = 0;
		};
		35E6E2261E2C6CAB0093F791 /* Sources */ = {
			isa = PBXSourcesBuildPhase;
			buildActionMask = 2147483647;
			files = (
				35E6E22F1E2C6CAB0093F791 /* PogetherUITests.swift in Sources */,
			);
			runOnlyForDeploymentPostprocessing = 0;
		};
/* End PBXSourcesBuildPhase section */

/* Begin PBXTargetDependency section */
		35E6E2211E2C6CAA0093F791 /* PBXTargetDependency */ = {
			isa = PBXTargetDependency;
			target = 35E6E2081E2C6CAA0093F791 /* Pogether */;
			targetProxy = 35E6E2201E2C6CAA0093F791 /* PBXContainerItemProxy */;
		};
		35E6E22C1E2C6CAB0093F791 /* PBXTargetDependency */ = {
			isa = PBXTargetDependency;
			target = 35E6E2081E2C6CAA0093F791 /* Pogether */;
			targetProxy = 35E6E22B1E2C6CAB0093F791 /* PBXContainerItemProxy */;
		};
/* End PBXTargetDependency section */

/* Begin PBXVariantGroup section */
		35E6E2171E2C6CAA0093F791 /* LaunchScreen.storyboard */ = {
			isa = PBXVariantGroup;
			children = (
				35E6E2181E2C6CAA0093F791 /* Base */,
			);
			name = LaunchScreen.storyboard;
			sourceTree = "<group>";
		};
/* End PBXVariantGroup section */

/* Begin XCBuildConfiguration section */
		35E6E2311E2C6CAB0093F791 /* Debug */ = {
			isa = XCBuildConfiguration;
			buildSettings = {
				ALWAYS_SEARCH_USER_PATHS = NO;
				CLANG_ANALYZER_NONNULL = YES;
				CLANG_CXX_LANGUAGE_STANDARD = "gnu++0x";
				CLANG_CXX_LIBRARY = "libc++";
				CLANG_ENABLE_MODULES = YES;
				CLANG_ENABLE_OBJC_ARC = YES;
				CLANG_WARN_BOOL_CONVERSION = YES;
				CLANG_WARN_CONSTANT_CONVERSION = YES;
				CLANG_WARN_DIRECT_OBJC_ISA_USAGE = YES_ERROR;
				CLANG_WARN_DOCUMENTATION_COMMENTS = YES;
				CLANG_WARN_EMPTY_BODY = YES;
				CLANG_WARN_ENUM_CONVERSION = YES;
				CLANG_WARN_INFINITE_RECURSION = YES;
				CLANG_WARN_INT_CONVERSION = YES;
				CLANG_WARN_OBJC_ROOT_CLASS = YES_ERROR;
				CLANG_WARN_SUSPICIOUS_MOVE = YES;
				CLANG_WARN_UNREACHABLE_CODE = YES;
				CLANG_WARN__DUPLICATE_METHOD_MATCH = YES;
				"CODE_SIGN_IDENTITY[sdk=iphoneos*]" = "iPhone Developer";
				COPY_PHASE_STRIP = NO;
				DEBUG_INFORMATION_FORMAT = dwarf;
				ENABLE_STRICT_OBJC_MSGSEND = YES;
				ENABLE_TESTABILITY = YES;
				GCC_C_LANGUAGE_STANDARD = gnu99;
				GCC_DYNAMIC_NO_PIC = NO;
				GCC_NO_COMMON_BLOCKS = YES;
				GCC_OPTIMIZATION_LEVEL = 0;
				GCC_PREPROCESSOR_DEFINITIONS = (
					"DEBUG=1",
					"$(inherited)",
				);
				GCC_WARN_64_TO_32_BIT_CONVERSION = YES;
				GCC_WARN_ABOUT_RETURN_TYPE = YES_ERROR;
				GCC_WARN_UNDECLARED_SELECTOR = YES;
				GCC_WARN_UNINITIALIZED_AUTOS = YES_AGGRESSIVE;
				GCC_WARN_UNUSED_FUNCTION = YES;
				GCC_WARN_UNUSED_VARIABLE = YES;
				IPHONEOS_DEPLOYMENT_TARGET = 10.2;
				MTL_ENABLE_DEBUG_INFO = YES;
				ONLY_ACTIVE_ARCH = YES;
				SDKROOT = iphoneos;
				SWIFT_ACTIVE_COMPILATION_CONDITIONS = DEBUG;
				SWIFT_OPTIMIZATION_LEVEL = "-Onone";
				TARGETED_DEVICE_FAMILY = "1,2";
			};
			name = Debug;
		};
		35E6E2321E2C6CAB0093F791 /* Release */ = {
			isa = XCBuildConfiguration;
			buildSettings = {
				ALWAYS_SEARCH_USER_PATHS = NO;
				CLANG_ANALYZER_NONNULL = YES;
				CLANG_CXX_LANGUAGE_STANDARD = "gnu++0x";
				CLANG_CXX_LIBRARY = "libc++";
				CLANG_ENABLE_MODULES = YES;
				CLANG_ENABLE_OBJC_ARC = YES;
				CLANG_WARN_BOOL_CONVERSION = YES;
				CLANG_WARN_CONSTANT_CONVERSION = YES;
				CLANG_WARN_DIRECT_OBJC_ISA_USAGE = YES_ERROR;
				CLANG_WARN_DOCUMENTATION_COMMENTS = YES;
				CLANG_WARN_EMPTY_BODY = YES;
				CLANG_WARN_ENUM_CONVERSION = YES;
				CLANG_WARN_INFINITE_RECURSION = YES;
				CLANG_WARN_INT_CONVERSION = YES;
				CLANG_WARN_OBJC_ROOT_CLASS = YES_ERROR;
				CLANG_WARN_SUSPICIOUS_MOVE = YES;
				CLANG_WARN_UNREACHABLE_CODE = YES;
				CLANG_WARN__DUPLICATE_METHOD_MATCH = YES;
				"CODE_SIGN_IDENTITY[sdk=iphoneos*]" = "iPhone Developer";
				COPY_PHASE_STRIP = NO;
				DEBUG_INFORMATION_FORMAT = "dwarf-with-dsym";
				ENABLE_NS_ASSERTIONS = NO;
				ENABLE_STRICT_OBJC_MSGSEND = YES;
				GCC_C_LANGUAGE_STANDARD = gnu99;
				GCC_NO_COMMON_BLOCKS = YES;
				GCC_WARN_64_TO_32_BIT_CONVERSION = YES;
				GCC_WARN_ABOUT_RETURN_TYPE = YES_ERROR;
				GCC_WARN_UNDECLARED_SELECTOR = YES;
				GCC_WARN_UNINITIALIZED_AUTOS = YES_AGGRESSIVE;
				GCC_WARN_UNUSED_FUNCTION = YES;
				GCC_WARN_UNUSED_VARIABLE = YES;
				IPHONEOS_DEPLOYMENT_TARGET = 10.2;
				MTL_ENABLE_DEBUG_INFO = NO;
				SDKROOT = iphoneos;
				SWIFT_OPTIMIZATION_LEVEL = "-Owholemodule";
				TARGETED_DEVICE_FAMILY = "1,2";
				VALIDATE_PRODUCT = YES;
			};
			name = Release;
		};
		35E6E2341E2C6CAB0093F791 /* Debug */ = {
			isa = XCBuildConfiguration;
			baseConfigurationReference = 504614C52C3F4F858441BE5E /* Pods-Pogether.debug.xcconfig */;
			buildSettings = {
				ASSETCATALOG_COMPILER_APPICON_NAME = AppIcon;
				DEVELOPMENT_TEAM = 64VC6J8U2G;
				INFOPLIST_FILE = Pogether/Info.plist;
				LD_RUNPATH_SEARCH_PATHS = "$(inherited) @executable_path/Frameworks";
				PRODUCT_BUNDLE_IDENTIFIER = KiraMelody.Pogether;
				PRODUCT_NAME = "$(TARGET_NAME)";
				SWIFT_VERSION = 3.0;
			};
			name = Debug;
		};
		35E6E2351E2C6CAB0093F791 /* Release */ = {
			isa = XCBuildConfiguration;
			baseConfigurationReference = DA913891DA1A4A5942F6D237 /* Pods-Pogether.release.xcconfig */;
			buildSettings = {
				ASSETCATALOG_COMPILER_APPICON_NAME = AppIcon;
				DEVELOPMENT_TEAM = 64VC6J8U2G;
				INFOPLIST_FILE = Pogether/Info.plist;
				LD_RUNPATH_SEARCH_PATHS = "$(inherited) @executable_path/Frameworks";
				PRODUCT_BUNDLE_IDENTIFIER = KiraMelody.Pogether;
				PRODUCT_NAME = "$(TARGET_NAME)";
				SWIFT_VERSION = 3.0;
			};
			name = Release;
		};
		35E6E2371E2C6CAB0093F791 /* Debug */ = {
			isa = XCBuildConfiguration;
			baseConfigurationReference = DF3A7223FC851CED29B96711 /* Pods-PogetherTests.debug.xcconfig */;
			buildSettings = {
				ALWAYS_EMBED_SWIFT_STANDARD_LIBRARIES = YES;
				BUNDLE_LOADER = "$(TEST_HOST)";
				DEVELOPMENT_TEAM = 64VC6J8U2G;
				INFOPLIST_FILE = PogetherTests/Info.plist;
				LD_RUNPATH_SEARCH_PATHS = "$(inherited) @executable_path/Frameworks @loader_path/Frameworks";
				PRODUCT_BUNDLE_IDENTIFIER = KiraMelody.PogetherTests;
				PRODUCT_NAME = "$(TARGET_NAME)";
				SWIFT_VERSION = 3.0;
				TEST_HOST = "$(BUILT_PRODUCTS_DIR)/Pogether.app/Pogether";
			};
			name = Debug;
		};
		35E6E2381E2C6CAB0093F791 /* Release */ = {
			isa = XCBuildConfiguration;
			baseConfigurationReference = 17E7E5D61EC1BD9099A72FAF /* Pods-PogetherTests.release.xcconfig */;
			buildSettings = {
				ALWAYS_EMBED_SWIFT_STANDARD_LIBRARIES = YES;
				BUNDLE_LOADER = "$(TEST_HOST)";
				DEVELOPMENT_TEAM = 64VC6J8U2G;
				INFOPLIST_FILE = PogetherTests/Info.plist;
				LD_RUNPATH_SEARCH_PATHS = "$(inherited) @executable_path/Frameworks @loader_path/Frameworks";
				PRODUCT_BUNDLE_IDENTIFIER = KiraMelody.PogetherTests;
				PRODUCT_NAME = "$(TARGET_NAME)";
				SWIFT_VERSION = 3.0;
				TEST_HOST = "$(BUILT_PRODUCTS_DIR)/Pogether.app/Pogether";
			};
			name = Release;
		};
		35E6E23A1E2C6CAB0093F791 /* Debug */ = {
			isa = XCBuildConfiguration;
			baseConfigurationReference = B9E5E005323851980A98A118 /* Pods-PogetherUITests.debug.xcconfig */;
			buildSettings = {
				ALWAYS_EMBED_SWIFT_STANDARD_LIBRARIES = YES;
				DEVELOPMENT_TEAM = 64VC6J8U2G;
				INFOPLIST_FILE = PogetherUITests/Info.plist;
				LD_RUNPATH_SEARCH_PATHS = "$(inherited) @executable_path/Frameworks @loader_path/Frameworks";
				PRODUCT_BUNDLE_IDENTIFIER = KiraMelody.PogetherUITests;
				PRODUCT_NAME = "$(TARGET_NAME)";
				SWIFT_VERSION = 3.0;
				TEST_TARGET_NAME = Pogether;
			};
			name = Debug;
		};
		35E6E23B1E2C6CAB0093F791 /* Release */ = {
			isa = XCBuildConfiguration;
			baseConfigurationReference = EDCE16A5914BC2BC79EEF091 /* Pods-PogetherUITests.release.xcconfig */;
			buildSettings = {
				ALWAYS_EMBED_SWIFT_STANDARD_LIBRARIES = YES;
				DEVELOPMENT_TEAM = 64VC6J8U2G;
				INFOPLIST_FILE = PogetherUITests/Info.plist;
				LD_RUNPATH_SEARCH_PATHS = "$(inherited) @executable_path/Frameworks @loader_path/Frameworks";
				PRODUCT_BUNDLE_IDENTIFIER = KiraMelody.PogetherUITests;
				PRODUCT_NAME = "$(TARGET_NAME)";
				SWIFT_VERSION = 3.0;
				TEST_TARGET_NAME = Pogether;
			};
			name = Release;
		};
/* End XCBuildConfiguration section */

/* Begin XCConfigurationList section */
		35E6E2041E2C6CAA0093F791 /* Build configuration list for PBXProject "Pogether" */ = {
			isa = XCConfigurationList;
			buildConfigurations = (
				35E6E2311E2C6CAB0093F791 /* Debug */,
				35E6E2321E2C6CAB0093F791 /* Release */,
			);
			defaultConfigurationIsVisible = 0;
			defaultConfigurationName = Release;
		};
		35E6E2331E2C6CAB0093F791 /* Build configuration list for PBXNativeTarget "Pogether" */ = {
			isa = XCConfigurationList;
			buildConfigurations = (
				35E6E2341E2C6CAB0093F791 /* Debug */,
				35E6E2351E2C6CAB0093F791 /* Release */,
			);
			defaultConfigurationIsVisible = 0;
			defaultConfigurationName = Release;
		};
		35E6E2361E2C6CAB0093F791 /* Build configuration list for PBXNativeTarget "PogetherTests" */ = {
			isa = XCConfigurationList;
			buildConfigurations = (
				35E6E2371E2C6CAB0093F791 /* Debug */,
				35E6E2381E2C6CAB0093F791 /* Release */,
			);
			defaultConfigurationIsVisible = 0;
			defaultConfigurationName = Release;
		};
		35E6E2391E2C6CAB0093F791 /* Build configuration list for PBXNativeTarget "PogetherUITests" */ = {
			isa = XCConfigurationList;
			buildConfigurations = (
				35E6E23A1E2C6CAB0093F791 /* Debug */,
				35E6E23B1E2C6CAB0093F791 /* Release */,
			);
			defaultConfigurationIsVisible = 0;
			defaultConfigurationName = Release;
		};
/* End XCConfigurationList section */
	};
	rootObject = 35E6E2011E2C6CAA0093F791 /* Project object */;
}
